// !$*UTF8*$!
{
	archiveVersion = 1;
	classes = {
	};
	objectVersion = 46;
	objects = {

/* Begin PBXBuildFile section */
		1606E25615E75476000A2F5C /* SecondPageController.m in Sources */ = {isa = PBXBuildFile; fileRef = 1606E25515E75476000A2F5C /* SecondPageController.m */; };
		16AF817715E74AF100CE0801 /* UIKit.framework in Frameworks */ = {isa = PBXBuildFile; fileRef = 16AF817615E74AF100CE0801 /* UIKit.framework */; };
		16AF817915E74AF100CE0801 /* Foundation.framework in Frameworks */ = {isa = PBXBuildFile; fileRef = 16AF817815E74AF100CE0801 /* Foundation.framework */; };
		16AF817B15E74AF100CE0801 /* CoreGraphics.framework in Frameworks */ = {isa = PBXBuildFile; fileRef = 16AF817A15E74AF100CE0801 /* CoreGraphics.framework */; };
		16AF818115E74AF100CE0801 /* InfoPlist.strings in Resources */ = {isa = PBXBuildFile; fileRef = 16AF817F15E74AF100CE0801 /* InfoPlist.strings */; };
		16AF818315E74AF100CE0801 /* main.m in Sources */ = {isa = PBXBuildFile; fileRef = 16AF818215E74AF100CE0801 /* main.m */; };
		16AF818715E74AF100CE0801 /* AppDelegate.m in Sources */ = {isa = PBXBuildFile; fileRef = 16AF818615E74AF100CE0801 /* AppDelegate.m */; };
		16AF818F15E74D8000CE0801 /* MainPageController.m in Sources */ = {isa = PBXBuildFile; fileRef = 16AF818E15E74D8000CE0801 /* MainPageController.m */; };
/* End PBXBuildFile section */

/* Begin PBXFileReference section */
		1606E25415E75476000A2F5C /* SecondPageController.h */ = {isa = PBXFileReference; fileEncoding = 4; lastKnownFileType = sourcecode.c.h; path = SecondPageController.h; sourceTree = "<group>"; };
		1606E25515E75476000A2F5C /* SecondPageController.m */ = {isa = PBXFileReference; fileEncoding = 4; lastKnownFileType = sourcecode.c.objc; path = SecondPageController.m; sourceTree = "<group>"; };
		16AF817215E74AF100CE0801 /* chap2_unit_test.app */ = {isa = PBXFileReference; explicitFileType = wrapper.application; includeInIndex = 0; path = chap2_unit_test.app; sourceTree = BUILT_PRODUCTS_DIR; };
		16AF817615E74AF100CE0801 /* UIKit.framework */ = {isa = PBXFileReference; lastKnownFileType = wrapper.framework; name = UIKit.framework; path = System/Library/Frameworks/UIKit.framework; sourceTree = SDKROOT; };
		16AF817815E74AF100CE0801 /* Foundation.framework */ = {isa = PBXFileReference; lastKnownFileType = wrapper.framework; name = Foundation.framework; path = System/Library/Frameworks/Foundation.framework; sourceTree = SDKROOT; };
		16AF817A15E74AF100CE0801 /* CoreGraphics.framework */ = {isa = PBXFileReference; lastKnownFileType = wrapper.framework; name = CoreGraphics.framework; path = System/Library/Frameworks/CoreGraphics.framework; sourceTree = SDKROOT; };
		16AF817E15E74AF100CE0801 /* chap2_unit_test-Info.plist */ = {isa = PBXFileReference; lastKnownFileType = text.plist.xml; path = "chap2_unit_test-Info.plist"; sourceTree = "<group>"; };
		16AF818015E74AF100CE0801 /* en */ = {isa = PBXFileReference; lastKnownFileType = text.plist.strings; name = en; path = en.lproj/InfoPlist.strings; sourceTree = "<group>"; };
		16AF818215E74AF100CE0801 /* main.m */ = {isa = PBXFileReference; lastKnownFileType = sourcecode.c.objc; path = main.m; sourceTree = "<group>"; };
		16AF818415E74AF100CE0801 /* chap2_unit_test-Prefix.pch */ = {isa = PBXFileReference; lastKnownFileType = sourcecode.c.h; path = "chap2_unit_test-Prefix.pch"; sourceTree = "<group>"; };
		16AF818515E74AF100CE0801 /* AppDelegate.h */ = {isa = PBXFileReference; lastKnownFileType = sourcecode.c.h; path = AppDelegate.h; sourceTree = "<group>"; };
		16AF818615E74AF100CE0801 /* AppDelegate.m */ = {isa = PBXFileReference; lastKnownFileType = sourcecode.c.objc; path = AppDelegate.m; sourceTree = "<group>"; };
		16AF818D15E74D8000CE0801 /* MainPageController.h */ = {isa = PBXFileReference; fileEncoding = 4; lastKnownFileType = sourcecode.c.h; path = MainPageController.h; sourceTree = "<group>"; };
		16AF818E15E74D8000CE0801 /* MainPageController.m */ = {isa = PBXFileReference; fileEncoding = 4; lastKnownFileType = sourcecode.c.objc; path = MainPageController.m; sourceTree = "<group>"; };
/* End PBXFileReference section */

/* Begin PBXFrameworksBuildPhase section */
		16AF816F15E74AF100CE0801 /* Frameworks */ = {
			isa = PBXFrameworksBuildPhase;
			buildActionMask = 2147483647;
			files = (
				16AF817715E74AF100CE0801 /* UIKit.framework in Frameworks */,
				16AF817915E74AF100CE0801 /* Foundation.framework in Frameworks */,
				16AF817B15E74AF100CE0801 /* CoreGraphics.framework in Frameworks */,
			);
			runOnlyForDeploymentPostprocessing = 0;
		};
/* End PBXFrameworksBuildPhase section */

/* Begin PBXGroup section */
		16AF816715E74AF000CE0801 = {
			isa = PBXGroup;
			children = (
				16AF817C15E74AF100CE0801 /* chap2_unit_test */,
				16AF817515E74AF100CE0801 /* Frameworks */,
				16AF817315E74AF100CE0801 /* Products */,
			);
			sourceTree = "<group>";
		};
		16AF817315E74AF100CE0801 /* Products */ = {
			isa = PBXGroup;
			children = (
				16AF817215E74AF100CE0801 /* chap2_unit_test.app */,
			);
			name = Products;
			sourceTree = "<group>";
		};
		16AF817515E74AF100CE0801 /* Frameworks */ = {
			isa = PBXGroup;
			children = (
				16AF817615E74AF100CE0801 /* UIKit.framework */,
				16AF817815E74AF100CE0801 /* Foundation.framework */,
				16AF817A15E74AF100CE0801 /* CoreGraphics.framework */,
			);
			name = Frameworks;
			sourceTree = "<group>";
		};
		16AF817C15E74AF100CE0801 /* chap2_unit_test */ = {
			isa = PBXGroup;
			children = (
				16AF818515E74AF100CE0801 /* AppDelegate.h */,
				16AF818615E74AF100CE0801 /* AppDelegate.m */,
				16AF818D15E74D8000CE0801 /* MainPageController.h */,
				16AF818E15E74D8000CE0801 /* MainPageController.m */,
				1606E25415E75476000A2F5C /* SecondPageController.h */,
				1606E25515E75476000A2F5C /* SecondPageController.m */,
				16AF817D15E74AF100CE0801 /* Supporting Files */,
			);
			path = chap2_unit_test;
			sourceTree = "<group>";
		};
		16AF817D15E74AF100CE0801 /* Supporting Files */ = {
			isa = PBXGroup;
			children = (
				16AF817E15E74AF100CE0801 /* chap2_unit_test-Info.plist */,
				16AF817F15E74AF100CE0801 /* InfoPlist.strings */,
				16AF818215E74AF100CE0801 /* main.m */,
				16AF818415E74AF100CE0801 /* chap2_unit_test-Prefix.pch */,
			);
			name = "Supporting Files";
			sourceTree = "<group>";
		};
/* End PBXGroup section */

/* Begin PBXNativeTarget section */
		16AF817115E74AF100CE0801 /* chap2_unit_test */ = {
			isa = PBXNativeTarget;
			buildConfigurationList = 16AF818A15E74AF100CE0801 /* Build configuration list for PBXNativeTarget "chap2_unit_test" */;
			buildPhases = (
				16AF816E15E74AF100CE0801 /* Sources */,
				16AF816F15E74AF100CE0801 /* Frameworks */,
				16AF817015E74AF100CE0801 /* Resources */,
			);
			buildRules = (
			);
			dependencies = (
			);
			name = chap2_unit_test;
			productName = chap2_unit_test;
			productReference = 16AF817215E74AF100CE0801 /* chap2_unit_test.app */;
			productType = "com.apple.product-type.application";
		};
/* End PBXNativeTarget section */

/* Begin PBXProject section */
		16AF816915E74AF000CE0801 /* Project object */ = {
			isa = PBXProject;
			attributes = {
				LastUpgradeCheck = 0430;
			};
			buildConfigurationList = 16AF816C15E74AF000CE0801 /* Build configuration list for PBXProject "chap2_unit_test" */;
			compatibilityVersion = "Xcode 3.2";
			developmentRegion = English;
			hasScannedForEncodings = 0;
			knownRegions = (
				en,
			);
			mainGroup = 16AF816715E74AF000CE0801;
			productRefGroup = 16AF817315E74AF100CE0801 /* Products */;
			projectDirPath = "";
			projectRoot = "";
			targets = (
				16AF817115E74AF100CE0801 /* chap2_unit_test */,
			);
		};
/* End PBXProject section */

/* Begin PBXResourcesBuildPhase section */
		16AF817015E74AF100CE0801 /* Resources */ = {
			isa = PBXResourcesBuildPhase;
			buildActionMask = 2147483647;
			files = (
				16AF818115E74AF100CE0801 /* InfoPlist.strings in Resources */,
			);
			runOnlyForDeploymentPostprocessing = 0;
		};
/* End PBXResourcesBuildPhase section */

/* Begin PBXSourcesBuildPhase section */
		16AF816E15E74AF100CE0801 /* Sources */ = {
			isa = PBXSourcesBuildPhase;
			buildActionMask = 2147483647;
			files = (
				16AF818315E74AF100CE0801 /* main.m in Sources */,
				16AF818715E74AF100CE0801 /* AppDelegate.m in Sources */,
				16AF818F15E74D8000CE0801 /* MainPageController.m in Sources */,
				1606E25615E75476000A2F5C /* SecondPageController.m in Sources */,
			);
			runOnlyForDeploymentPostprocessing = 0;
		};
/* End PBXSourcesBuildPhase section */

/* Begin PBXVariantGroup section */
		16AF817F15E74AF100CE0801 /* InfoPlist.strings */ = {
			isa = PBXVariantGroup;
			children = (
				16AF818015E74AF100CE0801 /* en */,
			);
			name = InfoPlist.strings;
			sourceTree = "<group>";
		};
/* End PBXVariantGroup section */

/* Begin XCBuildConfiguration section */
		16AF818815E74AF100CE0801 /* Debug */ = {
			isa = XCBuildConfiguration;
			buildSettings = {
				ALWAYS_SEARCH_USER_PATHS = NO;
				ARCHS = "$(ARCHS_STANDARD_32_BIT)";
				CLANG_ENABLE_OBJC_ARC = YES;
				"CODE_SIGN_IDENTITY[sdk=iphoneos*]" = "iPhone Developer";
				COPY_PHASE_STRIP = NO;
				GCC_C_LANGUAGE_STANDARD = gnu99;
				GCC_DYNAMIC_NO_PIC = NO;
				GCC_OPTIMIZATION_LEVEL = 0;
				GCC_PREPROCESSOR_DEFINITIONS = (
					"DEBUG=1",
					"$(inherited)",
				);
				GCC_SYMBOLS_PRIVATE_EXTERN = NO;
				GCC_VERSION = com.apple.compilers.llvm.clang.1_0;
				GCC_WARN_ABOUT_RETURN_TYPE = YES;
				GCC_WARN_UNINITIALIZED_AUTOS = YES;
				GCC_WARN_UNUSED_VARIABLE = YES;
				IPHONEOS_DEPLOYMENT_TARGET = 5.1;
				SDKROOT = iphoneos;
			};
			name = Debug;
		};
		16AF818915E74AF100CE0801 /* Release */ = {
			isa = XCBuildConfiguration;
			buildSettings = {
				ALWAYS_SEARCH_USER_PATHS = NO;
				ARCHS = "$(ARCHS_STANDARD_32_BIT)";
				CLANG_ENABLE_OBJC_ARC = YES;
				"CODE_SIGN_IDENTITY[sdk=iphoneos*]" = "iPhone Developer";
				COPY_PHASE_STRIP = YES;
				GCC_C_LANGUAGE_STANDARD = gnu99;
				GCC_VERSION = com.apple.compilers.llvm.clang.1_0;
				GCC_WARN_ABOUT_RETURN_TYPE = YES;
				GCC_WARN_UNINITIALIZED_AUTOS = YES;
				GCC_WARN_UNUSED_VARIABLE = YES;
				IPHONEOS_DEPLOYMENT_TARGET = 5.1;
				OTHER_CFLAGS = "-DNS_BLOCK_ASSERTIONS=1";
				SDKROOT = iphoneos;
				VALIDATE_PRODUCT = YES;
			};
			name = Release;
		};
		16AF818B15E74AF100CE0801 /* Debug */ = {
			isa = XCBuildConfiguration;
			buildSettings = {
				GCC_PRECOMPILE_PREFIX_HEADER = YES;
				GCC_PREFIX_HEADER = "chap2_unit_test/chap2_unit_test-Prefix.pch";
				INFOPLIST_FILE = "chap2_unit_test/chap2_unit_test-Info.plist";
				PRODUCT_NAME = "$(TARGET_NAME)";
				WRAPPER_EXTENSION = app;
			};
			name = Debug;
		};
		16AF818C15E74AF100CE0801 /* Release */ = {
			isa = XCBuildConfiguration;
			buildSettings = {
				GCC_PRECOMPILE_PREFIX_HEADER = YES;
				GCC_PREFIX_HEADER = "chap2_unit_test/chap2_unit_test-Prefix.pch";
				INFOPLIST_FILE = "chap2_unit_test/chap2_unit_test-Info.plist";
				PRODUCT_NAME = "$(TARGET_NAME)";
				WRAPPER_EXTENSION = app;
			};
			name = Release;
		};
/* End XCBuildConfiguration section */

/* Begin XCConfigurationList section */
		16AF816C15E74AF000CE0801 /* Build configuration list for PBXProject "chap2_unit_test" */ = {
			isa = XCConfigurationList;
			buildConfigurations = (
				16AF818815E74AF100CE0801 /* Debug */,
				16AF818915E74AF100CE0801 /* Release */,
			);
			defaultConfigurationIsVisible = 0;
			defaultConfigurationName = Release;
		};
		16AF818A15E74AF100CE0801 /* Build configuration list for PBXNativeTarget "chap2_unit_test" */ = {
			isa = XCConfigurationList;
			buildConfigurations = (
				16AF818B15E74AF100CE0801 /* Debug */,
				16AF818C15E74AF100CE0801 /* Release */,
			);
			defaultConfigurationIsVisible = 0;
			defaultConfigurationName = Release;
		};
/* End XCConfigurationList section */
	};
	rootObject = 16AF816915E74AF000CE0801 /* Project object */;
}
