// !$*UTF8*$!
{
	archiveVersion = 1;
	classes = {
	};
	objectVersion = 46;
	objects = {

/* Begin PBXBuildFile section */
		1606E2C015EA3156000A2F5C /* UIKit.framework in Frameworks */ = {isa = PBXBuildFile; fileRef = 1606E2BF15EA3156000A2F5C /* UIKit.framework */; };
		1606E2C215EA3156000A2F5C /* Foundation.framework in Frameworks */ = {isa = PBXBuildFile; fileRef = 1606E2C115EA3156000A2F5C /* Foundation.framework */; };
		1606E2C415EA3156000A2F5C /* CoreGraphics.framework in Frameworks */ = {isa = PBXBuildFile; fileRef = 1606E2C315EA3156000A2F5C /* CoreGraphics.framework */; };
		1606E2CA15EA3156000A2F5C /* InfoPlist.strings in Resources */ = {isa = PBXBuildFile; fileRef = 1606E2C815EA3156000A2F5C /* InfoPlist.strings */; };
		1606E2CC15EA3156000A2F5C /* main.m in Sources */ = {isa = PBXBuildFile; fileRef = 1606E2CB15EA3156000A2F5C /* main.m */; };
		1606E2D015EA3156000A2F5C /* AppDelegate.m in Sources */ = {isa = PBXBuildFile; fileRef = 1606E2CF15EA3156000A2F5C /* AppDelegate.m */; };
		1606E2E115EA342F000A2F5C /* FinishedController.m in Sources */ = {isa = PBXBuildFile; fileRef = 1606E2E015EA342F000A2F5C /* FinishedController.m */; };
		1606E2E415EA343A000A2F5C /* SettingController.m in Sources */ = {isa = PBXBuildFile; fileRef = 1606E2E315EA343A000A2F5C /* SettingController.m */; };
		1606E2E715EA4D44000A2F5C /* TaskController.m in Sources */ = {isa = PBXBuildFile; fileRef = 1606E2E615EA4D44000A2F5C /* TaskController.m */; };
		1675DC9915EB215600CC4EB3 /* ViewController1.m in Sources */ = {isa = PBXBuildFile; fileRef = 1675DC9615EB215600CC4EB3 /* ViewController1.m */; };
		1675DC9A15EB215600CC4EB3 /* ViewController2.m in Sources */ = {isa = PBXBuildFile; fileRef = 1675DC9815EB215600CC4EB3 /* ViewController2.m */; };
		169432DC15EB14A8002FC370 /* ModalController.m in Sources */ = {isa = PBXBuildFile; fileRef = 169432DB15EB14A8002FC370 /* ModalController.m */; };
/* End PBXBuildFile section */

/* Begin PBXFileReference section */
		1606E2BB15EA3156000A2F5C /* tab_navigation_tableview.app */ = {isa = PBXFileReference; explicitFileType = wrapper.application; includeInIndex = 0; path = tab_navigation_tableview.app; sourceTree = BUILT_PRODUCTS_DIR; };
		1606E2BF15EA3156000A2F5C /* UIKit.framework */ = {isa = PBXFileReference; lastKnownFileType = wrapper.framework; name = UIKit.framework; path = System/Library/Frameworks/UIKit.framework; sourceTree = SDKROOT; };
		1606E2C115EA3156000A2F5C /* Foundation.framework */ = {isa = PBXFileReference; lastKnownFileType = wrapper.framework; name = Foundation.framework; path = System/Library/Frameworks/Foundation.framework; sourceTree = SDKROOT; };
		1606E2C315EA3156000A2F5C /* CoreGraphics.framework */ = {isa = PBXFileReference; lastKnownFileType = wrapper.framework; name = CoreGraphics.framework; path = System/Library/Frameworks/CoreGraphics.framework; sourceTree = SDKROOT; };
		1606E2C715EA3156000A2F5C /* tab_navigation_tableview-Info.plist */ = {isa = PBXFileReference; lastKnownFileType = text.plist.xml; path = "tab_navigation_tableview-Info.plist"; sourceTree = "<group>"; };
		1606E2C915EA3156000A2F5C /* en */ = {isa = PBXFileReference; lastKnownFileType = text.plist.strings; name = en; path = en.lproj/InfoPlist.strings; sourceTree = "<group>"; };
		1606E2CB15EA3156000A2F5C /* main.m */ = {isa = PBXFileReference; lastKnownFileType = sourcecode.c.objc; path = main.m; sourceTree = "<group>"; };
		1606E2CD15EA3156000A2F5C /* tab_navigation_tableview-Prefix.pch */ = {isa = PBXFileReference; lastKnownFileType = sourcecode.c.h; path = "tab_navigation_tableview-Prefix.pch"; sourceTree = "<group>"; };
		1606E2CE15EA3156000A2F5C /* AppDelegate.h */ = {isa = PBXFileReference; lastKnownFileType = sourcecode.c.h; path = AppDelegate.h; sourceTree = "<group>"; };
		1606E2CF15EA3156000A2F5C /* AppDelegate.m */ = {isa = PBXFileReference; lastKnownFileType = sourcecode.c.objc; path = AppDelegate.m; sourceTree = "<group>"; };
		1606E2DF15EA342F000A2F5C /* FinishedController.h */ = {isa = PBXFileReference; fileEncoding = 4; lastKnownFileType = sourcecode.c.h; path = FinishedController.h; sourceTree = "<group>"; };
		1606E2E015EA342F000A2F5C /* FinishedController.m */ = {isa = PBXFileReference; fileEncoding = 4; lastKnownFileType = sourcecode.c.objc; path = FinishedController.m; sourceTree = "<group>"; };
		1606E2E215EA343A000A2F5C /* SettingController.h */ = {isa = PBXFileReference; fileEncoding = 4; lastKnownFileType = sourcecode.c.h; path = SettingController.h; sourceTree = "<group>"; };
		1606E2E315EA343A000A2F5C /* SettingController.m */ = {isa = PBXFileReference; fileEncoding = 4; lastKnownFileType = sourcecode.c.objc; path = SettingController.m; sourceTree = "<group>"; };
		1606E2E515EA4D44000A2F5C /* TaskController.h */ = {isa = PBXFileReference; fileEncoding = 4; lastKnownFileType = sourcecode.c.h; path = TaskController.h; sourceTree = "<group>"; };
		1606E2E615EA4D44000A2F5C /* TaskController.m */ = {isa = PBXFileReference; fileEncoding = 4; lastKnownFileType = sourcecode.c.objc; path = TaskController.m; sourceTree = "<group>"; };
		1675DC9515EB215600CC4EB3 /* ViewController1.h */ = {isa = PBXFileReference; fileEncoding = 4; lastKnownFileType = sourcecode.c.h; path = ViewController1.h; sourceTree = "<group>"; };
		1675DC9615EB215600CC4EB3 /* ViewController1.m */ = {isa = PBXFileReference; fileEncoding = 4; lastKnownFileType = sourcecode.c.objc; path = ViewController1.m; sourceTree = "<group>"; };
		1675DC9715EB215600CC4EB3 /* ViewController2.h */ = {isa = PBXFileReference; fileEncoding = 4; lastKnownFileType = sourcecode.c.h; path = ViewController2.h; sourceTree = "<group>"; };
		1675DC9815EB215600CC4EB3 /* ViewController2.m */ = {isa = PBXFileReference; fileEncoding = 4; lastKnownFileType = sourcecode.c.objc; path = ViewController2.m; sourceTree = "<group>"; };
		169432DA15EB14A8002FC370 /* ModalController.h */ = {isa = PBXFileReference; fileEncoding = 4; lastKnownFileType = sourcecode.c.h; path = ModalController.h; sourceTree = "<group>"; };
		169432DB15EB14A8002FC370 /* ModalController.m */ = {isa = PBXFileReference; fileEncoding = 4; lastKnownFileType = sourcecode.c.objc; path = ModalController.m; sourceTree = "<group>"; };
/* End PBXFileReference section */

/* Begin PBXFrameworksBuildPhase section */
		1606E2B815EA3156000A2F5C /* Frameworks */ = {
			isa = PBXFrameworksBuildPhase;
			buildActionMask = 2147483647;
			files = (
				1606E2C015EA3156000A2F5C /* UIKit.framework in Frameworks */,
				1606E2C215EA3156000A2F5C /* Foundation.framework in Frameworks */,
				1606E2C415EA3156000A2F5C /* CoreGraphics.framework in Frameworks */,
			);
			runOnlyForDeploymentPostprocessing = 0;
		};
/* End PBXFrameworksBuildPhase section */

/* Begin PBXGroup section */
		1606E2B015EA3156000A2F5C = {
			isa = PBXGroup;
			children = (
				1606E2C515EA3156000A2F5C /* tab_navigation_tableview */,
				1606E2BE15EA3156000A2F5C /* Frameworks */,
				1606E2BC15EA3156000A2F5C /* Products */,
			);
			sourceTree = "<group>";
		};
		1606E2BC15EA3156000A2F5C /* Products */ = {
			isa = PBXGroup;
			children = (
				1606E2BB15EA3156000A2F5C /* tab_navigation_tableview.app */,
			);
			name = Products;
			sourceTree = "<group>";
		};
		1606E2BE15EA3156000A2F5C /* Frameworks */ = {
			isa = PBXGroup;
			children = (
				1606E2BF15EA3156000A2F5C /* UIKit.framework */,
				1606E2C115EA3156000A2F5C /* Foundation.framework */,
				1606E2C315EA3156000A2F5C /* CoreGraphics.framework */,
			);
			name = Frameworks;
			sourceTree = "<group>";
		};
		1606E2C515EA3156000A2F5C /* tab_navigation_tableview */ = {
			isa = PBXGroup;
			children = (
				1606E2CE15EA3156000A2F5C /* AppDelegate.h */,
				1606E2CF15EA3156000A2F5C /* AppDelegate.m */,
				1675DC9515EB215600CC4EB3 /* ViewController1.h */,
				1675DC9615EB215600CC4EB3 /* ViewController1.m */,
				1675DC9715EB215600CC4EB3 /* ViewController2.h */,
				1675DC9815EB215600CC4EB3 /* ViewController2.m */,
				1606E2E515EA4D44000A2F5C /* TaskController.h */,
				1606E2E615EA4D44000A2F5C /* TaskController.m */,
				1606E2DF15EA342F000A2F5C /* FinishedController.h */,
				1606E2E015EA342F000A2F5C /* FinishedController.m */,
				169432DA15EB14A8002FC370 /* ModalController.h */,
				169432DB15EB14A8002FC370 /* ModalController.m */,
				1606E2E215EA343A000A2F5C /* SettingController.h */,
				1606E2E315EA343A000A2F5C /* SettingController.m */,
				1606E2C615EA3156000A2F5C /* Supporting Files */,
			);
			path = tab_navigation_tableview;
			sourceTree = "<group>";
		};
		1606E2C615EA3156000A2F5C /* Supporting Files */ = {
			isa = PBXGroup;
			children = (
				1606E2C715EA3156000A2F5C /* tab_navigation_tableview-Info.plist */,
				1606E2C815EA3156000A2F5C /* InfoPlist.strings */,
				1606E2CB15EA3156000A2F5C /* main.m */,
				1606E2CD15EA3156000A2F5C /* tab_navigation_tableview-Prefix.pch */,
			);
			name = "Supporting Files";
			sourceTree = "<group>";
		};
/* End PBXGroup section */

/* Begin PBXNativeTarget section */
		1606E2BA15EA3156000A2F5C /* tab_navigation_tableview */ = {
			isa = PBXNativeTarget;
			buildConfigurationList = 1606E2D315EA3156000A2F5C /* Build configuration list for PBXNativeTarget "tab_navigation_tableview" */;
			buildPhases = (
				1606E2B715EA3156000A2F5C /* Sources */,
				1606E2B815EA3156000A2F5C /* Frameworks */,
				1606E2B915EA3156000A2F5C /* Resources */,
			);
			buildRules = (
			);
			dependencies = (
			);
			name = tab_navigation_tableview;
			productName = tab_navigation_tableview;
			productReference = 1606E2BB15EA3156000A2F5C /* tab_navigation_tableview.app */;
			productType = "com.apple.product-type.application";
		};
/* End PBXNativeTarget section */

/* Begin PBXProject section */
		1606E2B215EA3156000A2F5C /* Project object */ = {
			isa = PBXProject;
			attributes = {
				LastUpgradeCheck = 0430;
			};
			buildConfigurationList = 1606E2B515EA3156000A2F5C /* Build configuration list for PBXProject "tab_navigation_tableview" */;
			compatibilityVersion = "Xcode 3.2";
			developmentRegion = English;
			hasScannedForEncodings = 0;
			knownRegions = (
				en,
			);
			mainGroup = 1606E2B015EA3156000A2F5C;
			productRefGroup = 1606E2BC15EA3156000A2F5C /* Products */;
			projectDirPath = "";
			projectRoot = "";
			targets = (
				1606E2BA15EA3156000A2F5C /* tab_navigation_tableview */,
			);
		};
/* End PBXProject section */

/* Begin PBXResourcesBuildPhase section */
		1606E2B915EA3156000A2F5C /* Resources */ = {
			isa = PBXResourcesBuildPhase;
			buildActionMask = 2147483647;
			files = (
				1606E2CA15EA3156000A2F5C /* InfoPlist.strings in Resources */,
			);
			runOnlyForDeploymentPostprocessing = 0;
		};
/* End PBXResourcesBuildPhase section */

/* Begin PBXSourcesBuildPhase section */
		1606E2B715EA3156000A2F5C /* Sources */ = {
			isa = PBXSourcesBuildPhase;
			buildActionMask = 2147483647;
			files = (
				1606E2CC15EA3156000A2F5C /* main.m in Sources */,
				1606E2D015EA3156000A2F5C /* AppDelegate.m in Sources */,
				1606E2E115EA342F000A2F5C /* FinishedController.m in Sources */,
				1606E2E415EA343A000A2F5C /* SettingController.m in Sources */,
				1606E2E715EA4D44000A2F5C /* TaskController.m in Sources */,
				169432DC15EB14A8002FC370 /* ModalController.m in Sources */,
				1675DC9915EB215600CC4EB3 /* ViewController1.m in Sources */,
				1675DC9A15EB215600CC4EB3 /* ViewController2.m in Sources */,
			);
			runOnlyForDeploymentPostprocessing = 0;
		};
/* End PBXSourcesBuildPhase section */

/* Begin PBXVariantGroup section */
		1606E2C815EA3156000A2F5C /* InfoPlist.strings */ = {
			isa = PBXVariantGroup;
			children = (
				1606E2C915EA3156000A2F5C /* en */,
			);
			name = InfoPlist.strings;
			sourceTree = "<group>";
		};
/* End PBXVariantGroup section */

/* Begin XCBuildConfiguration section */
		1606E2D115EA3156000A2F5C /* Debug */ = {
			isa = XCBuildConfiguration;
			buildSettings = {
				ALWAYS_SEARCH_USER_PATHS = NO;
				ARCHS = "$(ARCHS_STANDARD_32_BIT)";
				CLANG_ENABLE_OBJC_ARC = YES;
				"CODE_SIGN_IDENTITY[sdk=iphoneos*]" = "iPhone Developer";
				COPY_PHASE_STRIP = NO;
				GCC_C_LANGUAGE_STANDARD = gnu99;
				GCC_DYNAMIC_NO_PIC = NO;
				GCC_OPTIMIZATION_LEVEL = 0;
				GCC_PREPROCESSOR_DEFINITIONS = (
					"DEBUG=1",
					"$(inherited)",
				);
				GCC_SYMBOLS_PRIVATE_EXTERN = NO;
				GCC_VERSION = com.apple.compilers.llvm.clang.1_0;
				GCC_WARN_ABOUT_RETURN_TYPE = YES;
				GCC_WARN_UNINITIALIZED_AUTOS = YES;
				GCC_WARN_UNUSED_VARIABLE = YES;
				IPHONEOS_DEPLOYMENT_TARGET = 5.1;
				SDKROOT = iphoneos;
			};
			name = Debug;
		};
		1606E2D215EA3156000A2F5C /* Release */ = {
			isa = XCBuildConfiguration;
			buildSettings = {
				ALWAYS_SEARCH_USER_PATHS = NO;
				ARCHS = "$(ARCHS_STANDARD_32_BIT)";
				CLANG_ENABLE_OBJC_ARC = YES;
				"CODE_SIGN_IDENTITY[sdk=iphoneos*]" = "iPhone Developer";
				COPY_PHASE_STRIP = YES;
				GCC_C_LANGUAGE_STANDARD = gnu99;
				GCC_VERSION = com.apple.compilers.llvm.clang.1_0;
				GCC_WARN_ABOUT_RETURN_TYPE = YES;
				GCC_WARN_UNINITIALIZED_AUTOS = YES;
				GCC_WARN_UNUSED_VARIABLE = YES;
				IPHONEOS_DEPLOYMENT_TARGET = 5.1;
				OTHER_CFLAGS = "-DNS_BLOCK_ASSERTIONS=1";
				SDKROOT = iphoneos;
				VALIDATE_PRODUCT = YES;
			};
			name = Release;
		};
		1606E2D415EA3156000A2F5C /* Debug */ = {
			isa = XCBuildConfiguration;
			buildSettings = {
				GCC_PRECOMPILE_PREFIX_HEADER = YES;
				GCC_PREFIX_HEADER = "tab_navigation_tableview/tab_navigation_tableview-Prefix.pch";
				INFOPLIST_FILE = "tab_navigation_tableview/tab_navigation_tableview-Info.plist";
				PRODUCT_NAME = "$(TARGET_NAME)";
				WRAPPER_EXTENSION = app;
			};
			name = Debug;
		};
		1606E2D515EA3156000A2F5C /* Release */ = {
			isa = XCBuildConfiguration;
			buildSettings = {
				GCC_PRECOMPILE_PREFIX_HEADER = YES;
				GCC_PREFIX_HEADER = "tab_navigation_tableview/tab_navigation_tableview-Prefix.pch";
				INFOPLIST_FILE = "tab_navigation_tableview/tab_navigation_tableview-Info.plist";
				PRODUCT_NAME = "$(TARGET_NAME)";
				WRAPPER_EXTENSION = app;
			};
			name = Release;
		};
/* End XCBuildConfiguration section */

/* Begin XCConfigurationList section */
		1606E2B515EA3156000A2F5C /* Build configuration list for PBXProject "tab_navigation_tableview" */ = {
			isa = XCConfigurationList;
			buildConfigurations = (
				1606E2D115EA3156000A2F5C /* Debug */,
				1606E2D215EA3156000A2F5C /* Release */,
			);
			defaultConfigurationIsVisible = 0;
			defaultConfigurationName = Release;
		};
		1606E2D315EA3156000A2F5C /* Build configuration list for PBXNativeTarget "tab_navigation_tableview" */ = {
			isa = XCConfigurationList;
			buildConfigurations = (
				1606E2D415EA3156000A2F5C /* Debug */,
				1606E2D515EA3156000A2F5C /* Release */,
			);
			defaultConfigurationIsVisible = 0;
			defaultConfigurationName = Release;
		};
/* End XCConfigurationList section */
	};
	rootObject = 1606E2B215EA3156000A2F5C /* Project object */;
}
